
Microsoft Visual Studio Solution File, Format Version 12.00
# Visual Studio 15
VisualStudioVersion = 15.0.27130.2027
MinimumVisualStudioVersion = 10.0.40219.1
Project("{FAE04EC0-301F-11D3-BF4B-00C04F79EFBC}") = "Epam.Emelyanov.2", "Epam.Emelyanov.2\Epam.Emelyanov.2.csproj", "{16413732-5B6D-41A0-B674-D59B2EDEE9F5}"
EndProject
Global
	GlobalSection(SolutionConfigurationPlatforms) = preSolution
		Debug|Any CPU = Debug|Any CPU
		Release|Any CPU = Release|Any CPU
	EndGlobalSection
	GlobalSection(ProjectConfigurationPlatforms) = postSolution
		{16413732-5B6D-41A0-B674-D59B2EDEE9F5}.Debug|Any CPU.ActiveCfg = Debug|Any CPU
		{16413732-5B6D-41A0-B674-D59B2EDEE9F5}.Debug|Any CPU.Build.0 = Debug|Any CPU
		{16413732-5B6D-41A0-B674-D59B2EDEE9F5}.Release|Any CPU.ActiveCfg = Release|Any CPU
		{16413732-5B6D-41A0-B674-D59B2EDEE9F5}.Release|Any CPU.Build.0 = Release|Any CPU
	EndGlobalSection
	GlobalSection(SolutionProperties) = preSolution
		HideSolutionNode = FALSE
	EndGlobalSection
	GlobalSection(ExtensibilityGlobals) = postSolution
		SolutionGuid = {F32DA240-C739-4294-B6E8-51871F37C70C}
	EndGlobalSection
EndGlobal
